// !$*UTF8*$!
{
	archiveVersion = 1;
	classes = {
	};
	objectVersion = 50;
	objects = {

/* Begin PBXBuildFile section */
		59770B6562AFCC34F5FDBE42 /* Pods_TheSwiftPortfolio.framework in Frameworks */ = {isa = PBXBuildFile; fileRef = 835EB599FF0C891DBE73B24B /* Pods_TheSwiftPortfolio.framework */; };
		5A864288241696090018DB4B /* AppDelegate.swift in Sources */ = {isa = PBXBuildFile; fileRef = 5A864287241696090018DB4B /* AppDelegate.swift */; };
		5A86428A241696090018DB4B /* SceneDelegate.swift in Sources */ = {isa = PBXBuildFile; fileRef = 5A864289241696090018DB4B /* SceneDelegate.swift */; };
		5A86428C241696090018DB4B /* ViewController.swift in Sources */ = {isa = PBXBuildFile; fileRef = 5A86428B241696090018DB4B /* ViewController.swift */; };
		5A86428F241696090018DB4B /* Main.storyboard in Resources */ = {isa = PBXBuildFile; fileRef = 5A86428D241696090018DB4B /* Main.storyboard */; };
		5A8642912416960B0018DB4B /* Assets.xcassets in Resources */ = {isa = PBXBuildFile; fileRef = 5A8642902416960B0018DB4B /* Assets.xcassets */; };
		5A8642942416960B0018DB4B /* LaunchScreen.storyboard in Resources */ = {isa = PBXBuildFile; fileRef = 5A8642922416960B0018DB4B /* LaunchScreen.storyboard */; };
/* End PBXBuildFile section */

/* Begin PBXFileReference section */
		2E6FCD6ECC28D7B9BC39EE04 /* Pods-TheSwiftPortfolio.release.xcconfig */ = {isa = PBXFileReference; includeInIndex = 1; lastKnownFileType = text.xcconfig; name = "Pods-TheSwiftPortfolio.release.xcconfig"; path = "Target Support Files/Pods-TheSwiftPortfolio/Pods-TheSwiftPortfolio.release.xcconfig"; sourceTree = "<group>"; };
		5A864284241696090018DB4B /* TheSwiftPortfolio.app */ = {isa = PBXFileReference; explicitFileType = wrapper.application; includeInIndex = 0; path = TheSwiftPortfolio.app; sourceTree = BUILT_PRODUCTS_DIR; };
		5A864287241696090018DB4B /* AppDelegate.swift */ = {isa = PBXFileReference; lastKnownFileType = sourcecode.swift; path = AppDelegate.swift; sourceTree = "<group>"; };
		5A864289241696090018DB4B /* SceneDelegate.swift */ = {isa = PBXFileReference; lastKnownFileType = sourcecode.swift; path = SceneDelegate.swift; sourceTree = "<group>"; };
		5A86428B241696090018DB4B /* ViewController.swift */ = {isa = PBXFileReference; lastKnownFileType = sourcecode.swift; path = ViewController.swift; sourceTree = "<group>"; };
		5A86428E241696090018DB4B /* Base */ = {isa = PBXFileReference; lastKnownFileType = file.storyboard; name = Base; path = Base.lproj/Main.storyboard; sourceTree = "<group>"; };
		5A8642902416960B0018DB4B /* Assets.xcassets */ = {isa = PBXFileReference; lastKnownFileType = folder.assetcatalog; path = Assets.xcassets; sourceTree = "<group>"; };
		5A8642932416960B0018DB4B /* Base */ = {isa = PBXFileReference; lastKnownFileType = file.storyboard; name = Base; path = Base.lproj/LaunchScreen.storyboard; sourceTree = "<group>"; };
		5A8642952416960B0018DB4B /* Info.plist */ = {isa = PBXFileReference; lastKnownFileType = text.plist.xml; path = Info.plist; sourceTree = "<group>"; };
		835EB599FF0C891DBE73B24B /* Pods_TheSwiftPortfolio.framework */ = {isa = PBXFileReference; explicitFileType = wrapper.framework; includeInIndex = 0; path = Pods_TheSwiftPortfolio.framework; sourceTree = BUILT_PRODUCTS_DIR; };
		FA0E1ABCE257EEF3924229F0 /* Pods-TheSwiftPortfolio.debug.xcconfig */ = {isa = PBXFileReference; includeInIndex = 1; lastKnownFileType = text.xcconfig; name = "Pods-TheSwiftPortfolio.debug.xcconfig"; path = "Target Support Files/Pods-TheSwiftPortfolio/Pods-TheSwiftPortfolio.debug.xcconfig"; sourceTree = "<group>"; };
/* End PBXFileReference section */

/* Begin PBXFrameworksBuildPhase section */
		5A864281241696090018DB4B /* Frameworks */ = {
			isa = PBXFrameworksBuildPhase;
			buildActionMask = 2147483647;
			files = (
				59770B6562AFCC34F5FDBE42 /* Pods_TheSwiftPortfolio.framework in Frameworks */,
			);
			runOnlyForDeploymentPostprocessing = 0;
		};
/* End PBXFrameworksBuildPhase section */

/* Begin PBXGroup section */
		12EBCEC898876AD218ED770E /* Frameworks */ = {
			isa = PBXGroup;
			children = (
				835EB599FF0C891DBE73B24B /* Pods_TheSwiftPortfolio.framework */,
			);
			name = Frameworks;
			sourceTree = "<group>";
		};
		3CF6EE040F8B4561456BC6B7 /* Pods */ = {
			isa = PBXGroup;
			children = (
				FA0E1ABCE257EEF3924229F0 /* Pods-TheSwiftPortfolio.debug.xcconfig */,
				2E6FCD6ECC28D7B9BC39EE04 /* Pods-TheSwiftPortfolio.release.xcconfig */,
			);
			name = Pods;
			path = Pods;
			sourceTree = "<group>";
		};
		5A86427B241696090018DB4B = {
			isa = PBXGroup;
			children = (
				5A864286241696090018DB4B /* TheSwiftPortfolio */,
				5A864285241696090018DB4B /* Products */,
				3CF6EE040F8B4561456BC6B7 /* Pods */,
				12EBCEC898876AD218ED770E /* Frameworks */,
			);
			sourceTree = "<group>";
		};
		5A864285241696090018DB4B /* Products */ = {
			isa = PBXGroup;
			children = (
				5A864284241696090018DB4B /* TheSwiftPortfolio.app */,
			);
			name = Products;
			sourceTree = "<group>";
		};
		5A864286241696090018DB4B /* TheSwiftPortfolio */ = {
			isa = PBXGroup;
			children = (
				5A864287241696090018DB4B /* AppDelegate.swift */,
				5A864289241696090018DB4B /* SceneDelegate.swift */,
				5A86428B241696090018DB4B /* ViewController.swift */,
				5A86428D241696090018DB4B /* Main.storyboard */,
				5A8642902416960B0018DB4B /* Assets.xcassets */,
				5A8642922416960B0018DB4B /* LaunchScreen.storyboard */,
				5A8642952416960B0018DB4B /* Info.plist */,
			);
			path = TheSwiftPortfolio;
			sourceTree = "<group>";
		};
/* End PBXGroup section */

/* Begin PBXNativeTarget section */
		5A864283241696090018DB4B /* TheSwiftPortfolio */ = {
			isa = PBXNativeTarget;
			buildConfigurationList = 5A8642982416960B0018DB4B /* Build configuration list for PBXNativeTarget "TheSwiftPortfolio" */;
			buildPhases = (
				AC6BA4233E52873C3168C6D0 /* [CP] Check Pods Manifest.lock */,
				5A864280241696090018DB4B /* Sources */,
				5A864281241696090018DB4B /* Frameworks */,
				5A864282241696090018DB4B /* Resources */,
				7D1989A6DDA07525523081CB /* [CP] Embed Pods Frameworks */,
			);
			buildRules = (
			);
			dependencies = (
			);
			name = TheSwiftPortfolio;
			productName = TheSwiftPortfolio;
			productReference = 5A864284241696090018DB4B /* TheSwiftPortfolio.app */;
			productType = "com.apple.product-type.application";
		};
/* End PBXNativeTarget section */

/* Begin PBXProject section */
		5A86427C241696090018DB4B /* Project object */ = {
			isa = PBXProject;
			attributes = {
				LastSwiftUpdateCheck = 1110;
				LastUpgradeCheck = 1110;
				ORGANIZATIONNAME = "Ashika Palacharla";
				TargetAttributes = {
					5A864283241696090018DB4B = {
						CreatedOnToolsVersion = 11.1;
					};
				};
			};
			buildConfigurationList = 5A86427F241696090018DB4B /* Build configuration list for PBXProject "TheSwiftPortfolio" */;
			compatibilityVersion = "Xcode 9.3";
			developmentRegion = en;
			hasScannedForEncodings = 0;
			knownRegions = (
				en,
				Base,
			);
			mainGroup = 5A86427B241696090018DB4B;
			productRefGroup = 5A864285241696090018DB4B /* Products */;
			projectDirPath = "";
			projectRoot = "";
			targets = (
				5A864283241696090018DB4B /* TheSwiftPortfolio */,
			);
		};
/* End PBXProject section */

/* Begin PBXResourcesBuildPhase section */
		5A864282241696090018DB4B /* Resources */ = {
			isa = PBXResourcesBuildPhase;
			buildActionMask = 2147483647;
			files = (
				5A8642942416960B0018DB4B /* LaunchScreen.storyboard in Resources */,
				5A8642912416960B0018DB4B /* Assets.xcassets in Resources */,
				5A86428F241696090018DB4B /* Main.storyboard in Resources */,
			);
			runOnlyForDeploymentPostprocessing = 0;
		};
/* End PBXResourcesBuildPhase section */

/* Begin PBXShellScriptBuildPhase section */
		7D1989A6DDA07525523081CB /* [CP] Embed Pods Frameworks */ = {
			isa = PBXShellScriptBuildPhase;
			buildActionMask = 2147483647;
			files = (
			);
			inputFileListPaths = (
				"${PODS_ROOT}/Target Support Files/Pods-TheSwiftPortfolio/Pods-TheSwiftPortfolio-frameworks-${CONFIGURATION}-input-files.xcfilelist",
			);
			name = "[CP] Embed Pods Frameworks";
			outputFileListPaths = (
				"${PODS_ROOT}/Target Support Files/Pods-TheSwiftPortfolio/Pods-TheSwiftPortfolio-frameworks-${CONFIGURATION}-output-files.xcfilelist",
			);
			runOnlyForDeploymentPostprocessing = 0;
			shellPath = /bin/sh;
			shellScript = "\"${PODS_ROOT}/Target Support Files/Pods-TheSwiftPortfolio/Pods-TheSwiftPortfolio-frameworks.sh\"\n";
			showEnvVarsInLog = 0;
		};
		AC6BA4233E52873C3168C6D0 /* [CP] Check Pods Manifest.lock */ = {
			isa = PBXShellScriptBuildPhase;
			buildActionMask = 2147483647;
			files = (
			);
			inputFileListPaths = (
			);
			inputPaths = (
				"${PODS_PODFILE_DIR_PATH}/Podfile.lock",
				"${PODS_ROOT}/Manifest.lock",
			);
			name = "[CP] Check Pods Manifest.lock";
			outputFileListPaths = (
			);
			outputPaths = (
				"$(DERIVED_FILE_DIR)/Pods-TheSwiftPortfolio-checkManifestLockResult.txt",
			);
			runOnlyForDeploymentPostprocessing = 0;
			shellPath = /bin/sh;
			shellScript = "diff \"${PODS_PODFILE_DIR_PATH}/Podfile.lock\" \"${PODS_ROOT}/Manifest.lock\" > /dev/null\nif [ $? != 0 ] ; then\n    # print error to STDERR\n    echo \"error: The sandbox is not in sync with the Podfile.lock. Run 'pod install' or update your CocoaPods installation.\" >&2\n    exit 1\nfi\n# This output is used by Xcode 'outputs' to avoid re-running this script phase.\necho \"SUCCESS\" > \"${SCRIPT_OUTPUT_FILE_0}\"\n";
			showEnvVarsInLog = 0;
		};
/* End PBXShellScriptBuildPhase section */

/* Begin PBXSourcesBuildPhase section */
		5A864280241696090018DB4B /* Sources */ = {
			isa = PBXSourcesBuildPhase;
			buildActionMask = 2147483647;
			files = (
				5A86428C241696090018DB4B /* ViewController.swift in Sources */,
				5A864288241696090018DB4B /* AppDelegate.swift in Sources */,
				5A86428A241696090018DB4B /* SceneDelegate.swift in Sources */,
			);
			runOnlyForDeploymentPostprocessing = 0;
		};
/* End PBXSourcesBuildPhase section */

/* Begin PBXVariantGroup section */
		5A86428D241696090018DB4B /* Main.storyboard */ = {
			isa = PBXVariantGroup;
			children = (
				5A86428E241696090018DB4B /* Base */,
			);
			name = Main.storyboard;
			sourceTree = "<group>";
		};
		5A8642922416960B0018DB4B /* LaunchScreen.storyboard */ = {
			isa = PBXVariantGroup;
			children = (
				5A8642932416960B0018DB4B /* Base */,
			);
			name = LaunchScreen.storyboard;
			sourceTree = "<group>";
		};
/* End PBXVariantGroup section */

/* Begin XCBuildConfiguration section */
		5A8642962416960B0018DB4B /* Debug */ = {
			isa = XCBuildConfiguration;
			buildSettings = {
				ALWAYS_SEARCH_USER_PATHS = NO;
				CLANG_ANALYZER_NONNULL = YES;
				CLANG_ANALYZER_NUMBER_OBJECT_CONVERSION = YES_AGGRESSIVE;
				CLANG_CXX_LANGUAGE_STANDARD = "gnu++14";
				CLANG_CXX_LIBRARY = "libc++";
				CLANG_ENABLE_MODULES = YES;
				CLANG_ENABLE_OBJC_ARC = YES;
				CLANG_ENABLE_OBJC_WEAK = YES;
				CLANG_WARN_BLOCK_CAPTURE_AUTORELEASING = YES;
				CLANG_WARN_BOOL_CONVERSION = YES;
				CLANG_WARN_COMMA = YES;
				CLANG_WARN_CONSTANT_CONVERSION = YES;
				CLANG_WARN_DEPRECATED_OBJC_IMPLEMENTATIONS = YES;
				CLANG_WARN_DIRECT_OBJC_ISA_USAGE = YES_ERROR;
				CLANG_WARN_DOCUMENTATION_COMMENTS = YES;
				CLANG_WARN_EMPTY_BODY = YES;
				CLANG_WARN_ENUM_CONVERSION = YES;
				CLANG_WARN_INFINITE_RECURSION = YES;
				CLANG_WARN_INT_CONVERSION = YES;
				CLANG_WARN_NON_LITERAL_NULL_CONVERSION = YES;
				CLANG_WARN_OBJC_IMPLICIT_RETAIN_SELF = YES;
				CLANG_WARN_OBJC_LITERAL_CONVERSION = YES;
				CLANG_WARN_OBJC_ROOT_CLASS = YES_ERROR;
				CLANG_WARN_RANGE_LOOP_ANALYSIS = YES;
				CLANG_WARN_STRICT_PROTOTYPES = YES;
				CLANG_WARN_SUSPICIOUS_MOVE = YES;
				CLANG_WARN_UNGUARDED_AVAILABILITY = YES_AGGRESSIVE;
				CLANG_WARN_UNREACHABLE_CODE = YES;
				CLANG_WARN__DUPLICATE_METHOD_MATCH = YES;
				COPY_PHASE_STRIP = NO;
				DEBUG_INFORMATION_FORMAT = dwarf;
				ENABLE_STRICT_OBJC_MSGSEND = YES;
				ENABLE_TESTABILITY = YES;
				GCC_C_LANGUAGE_STANDARD = gnu11;
				GCC_DYNAMIC_NO_PIC = NO;
				GCC_NO_COMMON_BLOCKS = YES;
				GCC_OPTIMIZATION_LEVEL = 0;
				GCC_PREPROCESSOR_DEFINITIONS = (
					"DEBUG=1",
					"$(inherited)",
				);
				GCC_WARN_64_TO_32_BIT_CONVERSION = YES;
				GCC_WARN_ABOUT_RETURN_TYPE = YES_ERROR;
				GCC_WARN_UNDECLARED_SELECTOR = YES;
				GCC_WARN_UNINITIALIZED_AUTOS = YES_AGGRESSIVE;
				GCC_WARN_UNUSED_FUNCTION = YES;
				GCC_WARN_UNUSED_VARIABLE = YES;
				IPHONEOS_DEPLOYMENT_TARGET = 13.1;
				MTL_ENABLE_DEBUG_INFO = INCLUDE_SOURCE;
				MTL_FAST_MATH = YES;
				ONLY_ACTIVE_ARCH = YES;
				SDKROOT = iphoneos;
				SWIFT_ACTIVE_COMPILATION_CONDITIONS = DEBUG;
				SWIFT_OPTIMIZATION_LEVEL = "-Onone";
			};
			name = Debug;
		};
		5A8642972416960B0018DB4B /* Release */ = {
			isa = XCBuildConfiguration;
			buildSettings = {
				ALWAYS_SEARCH_USER_PATHS = NO;
				CLANG_ANALYZER_NONNULL = YES;
				CLANG_ANALYZER_NUMBER_OBJECT_CONVERSION = YES_AGGRESSIVE;
				CLANG_CXX_LANGUAGE_STANDARD = "gnu++14";
				CLANG_CXX_LIBRARY = "libc++";
				CLANG_ENABLE_MODULES = YES;
				CLANG_ENABLE_OBJC_ARC = YES;
				CLANG_ENABLE_OBJC_WEAK = YES;
				CLANG_WARN_BLOCK_CAPTURE_AUTORELEASING = YES;
				CLANG_WARN_BOOL_CONVERSION = YES;
				CLANG_WARN_COMMA = YES;
				CLANG_WARN_CONSTANT_CONVERSION = YES;
				CLANG_WARN_DEPRECATED_OBJC_IMPLEMENTATIONS = YES;
				CLANG_WARN_DIRECT_OBJC_ISA_USAGE = YES_ERROR;
				CLANG_WARN_DOCUMENTATION_COMMENTS = YES;
				CLANG_WARN_EMPTY_BODY = YES;
				CLANG_WARN_ENUM_CONVERSION = YES;
				CLANG_WARN_INFINITE_RECURSION = YES;
				CLANG_WARN_INT_CONVERSION = YES;
				CLANG_WARN_NON_LITERAL_NULL_CONVERSION = YES;
				CLANG_WARN_OBJC_IMPLICIT_RETAIN_SELF = YES;
				CLANG_WARN_OBJC_LITERAL_CONVERSION = YES;
				CLANG_WARN_OBJC_ROOT_CLASS = YES_ERROR;
				CLANG_WARN_RANGE_LOOP_ANALYSIS = YES;
				CLANG_WARN_STRICT_PROTOTYPES = YES;
				CLANG_WARN_SUSPICIOUS_MOVE = YES;
				CLANG_WARN_UNGUARDED_AVAILABILITY = YES_AGGRESSIVE;
				CLANG_WARN_UNREACHABLE_CODE = YES;
				CLANG_WARN__DUPLICATE_METHOD_MATCH = YES;
				COPY_PHASE_STRIP = NO;
				DEBUG_INFORMATION_FORMAT = "dwarf-with-dsym";
				ENABLE_NS_ASSERTIONS = NO;
				ENABLE_STRICT_OBJC_MSGSEND = YES;
				GCC_C_LANGUAGE_STANDARD = gnu11;
				GCC_NO_COMMON_BLOCKS = YES;
				GCC_WARN_64_TO_32_BIT_CONVERSION = YES;
				GCC_WARN_ABOUT_RETURN_TYPE = YES_ERROR;
				GCC_WARN_UNDECLARED_SELECTOR = YES;
				GCC_WARN_UNINITIALIZED_AUTOS = YES_AGGRESSIVE;
				GCC_WARN_UNUSED_FUNCTION = YES;
				GCC_WARN_UNUSED_VARIABLE = YES;
				IPHONEOS_DEPLOYMENT_TARGET = 13.1;
				MTL_ENABLE_DEBUG_INFO = NO;
				MTL_FAST_MATH = YES;
				SDKROOT = iphoneos;
				SWIFT_COMPILATION_MODE = wholemodule;
				SWIFT_OPTIMIZATION_LEVEL = "-O";
				VALIDATE_PRODUCT = YES;
			};
			name = Release;
		};
		5A8642992416960B0018DB4B /* Debug */ = {
			isa = XCBuildConfiguration;
			baseConfigurationReference = FA0E1ABCE257EEF3924229F0 /* Pods-TheSwiftPortfolio.debug.xcconfig */;
			buildSettings = {
				ASSETCATALOG_COMPILER_APPICON_NAME = AppIcon;
				CODE_SIGN_STYLE = Automatic;
				INFOPLIST_FILE = TheSwiftPortfolio/Info.plist;
				LD_RUNPATH_SEARCH_PATHS = (
					"$(inherited)",
					"@executable_path/Frameworks",
				);
				PRODUCT_BUNDLE_IDENTIFIER = "Ashika-Palacharla.TheSwiftPortfolio";
				PRODUCT_NAME = "$(TARGET_NAME)";
				SWIFT_VERSION = 5.0;
				TARGETED_DEVICE_FAMILY = "1,2";
			};
			name = Debug;
		};
		5A86429A2416960B0018DB4B /* Release */ = {
			isa = XCBuildConfiguration;
			baseConfigurationReference = 2E6FCD6ECC28D7B9BC39EE04 /* Pods-TheSwiftPortfolio.release.xcconfig */;
			buildSettings = {
				ASSETCATALOG_COMPILER_APPICON_NAME = AppIcon;
				CODE_SIGN_STYLE = Automatic;
				INFOPLIST_FILE = TheSwiftPortfolio/Info.plist;
				LD_RUNPATH_SEARCH_PATHS = (
					"$(inherited)",
					"@executable_path/Frameworks",
				);
				PRODUCT_BUNDLE_IDENTIFIER = "Ashika-Palacharla.TheSwiftPortfolio";
				PRODUCT_NAME = "$(TARGET_NAME)";
				SWIFT_VERSION = 5.0;
				TARGETED_DEVICE_FAMILY = "1,2";
			};
			name = Release;
		};
/* End XCBuildConfiguration section */

/* Begin XCConfigurationList section */
		5A86427F241696090018DB4B /* Build configuration list for PBXProject "TheSwiftPortfolio" */ = {
			isa = XCConfigurationList;
			buildConfigurations = (
				5A8642962416960B0018DB4B /* Debug */,
				5A8642972416960B0018DB4B /* Release */,
			);
			defaultConfigurationIsVisible = 0;
			defaultConfigurationName = Release;
		};
		5A8642982416960B0018DB4B /* Build configuration list for PBXNativeTarget "TheSwiftPortfolio" */ = {
			isa = XCConfigurationList;
			buildConfigurations = (
				5A8642992416960B0018DB4B /* Debug */,
				5A86429A2416960B0018DB4B /* Release */,
			);
			defaultConfigurationIsVisible = 0;
			defaultConfigurationName = Release;
		};
/* End XCConfigurationList section */
	};
	rootObject = 5A86427C241696090018DB4B /* Project object */;
}
